
Microsoft Visual Studio Solution File, Format Version 12.00
# Visual Studio 15
VisualStudioVersion = 15.0.27428.2011
MinimumVisualStudioVersion = 10.0.40219.1
Project("{FAE04EC0-301F-11D3-BF4B-00C04F79EFBC}") = "WebApp-Project", "WebApp-Project\WebApp-Project.csproj", "{642E8D2F-36AA-47FB-B608-A72C25D7F3A1}"
EndProject
Global
	GlobalSection(SolutionConfigurationPlatforms) = preSolution
		Debug|Any CPU = Debug|Any CPU
		Release|Any CPU = Release|Any CPU
	EndGlobalSection
	GlobalSection(ProjectConfigurationPlatforms) = postSolution
		{642E8D2F-36AA-47FB-B608-A72C25D7F3A1}.Debug|Any CPU.ActiveCfg = Debug|Any CPU
		{642E8D2F-36AA-47FB-B608-A72C25D7F3A1}.Debug|Any CPU.Build.0 = Debug|Any CPU
		{642E8D2F-36AA-47FB-B608-A72C25D7F3A1}.Release|Any CPU.ActiveCfg = Release|Any CPU
		{642E8D2F-36AA-47FB-B608-A72C25D7F3A1}.Release|Any CPU.Build.0 = Release|Any CPU
	EndGlobalSection
	GlobalSection(SolutionProperties) = preSolution
		HideSolutionNode = FALSE
	EndGlobalSection
	GlobalSection(ExtensibilityGlobals) = postSolution
		SolutionGuid = {7EDD7C1D-3837-47EC-B9C5-3A4258A8C1AF}
	EndGlobalSection
EndGlobal
